
Microsoft Visual Studio Solution File, Format Version 12.00
# Visual Studio Version 16
VisualStudioVersion = 16.0.30011.22
MinimumVisualStudioVersion = 10.0.40219.1
Project("{8BC9CEB8-8B4A-11D0-8D11-00A0C91BC942}") = "OOP", "OOP\OOP.vcxproj", "{830C545D-36FA-4EB1-94C6-C50B60DC5F32}"
EndProject
Project("{8BC9CEB8-8B4A-11D0-8D11-00A0C91BC942}") = "OAiP", "OAiP\OAiP.vcxproj", "{407F80F4-1DDC-4A42-BC9D-1CE6CB38BF9C}"
EndProject
Project("{8BC9CEB8-8B4A-11D0-8D11-00A0C91BC942}") = "MSIS", "MSIS\MSIS.vcxproj", "{AABF6B9F-3F8E-434F-8F2E-75B85544D05C}"
EndProject
Project("{8BC9CEB8-8B4A-11D0-8D11-00A0C91BC942}") = "DV", "DV\DV.vcxproj", "{297AA8FB-160C-4A6C-8E26-2EC8EF132C4A}"
EndProject
Project("{8BC9CEB8-8B4A-11D0-8D11-00A0C91BC942}") = "TestSystem", "TestSystem\TestSystem.vcxproj", "{A0AF3DC1-B7D8-4494-B74D-9737310C3DE0}"
EndProject
Project("{8BC9CEB8-8B4A-11D0-8D11-00A0C91BC942}") = "IGPM", "IGPM\IGPM.vcxproj", "{0F4205F3-E259-40E6-AA26-1B2B5EEB0DF4}"
EndProject
Project("{8BC9CEB8-8B4A-11D0-8D11-00A0C91BC942}") = "PGiZ", "PGiZ\PGiZ.vcxproj", "{C6E05656-720E-4FAF-B19B-FD59132535AE}"
EndProject
Global
	GlobalSection(SolutionConfigurationPlatforms) = preSolution
		Debug|x64 = Debug|x64
		Debug|x86 = Debug|x86
		Release|x64 = Release|x64
		Release|x86 = Release|x86
	EndGlobalSection
	GlobalSection(ProjectConfigurationPlatforms) = postSolution
		{830C545D-36FA-4EB1-94C6-C50B60DC5F32}.Debug|x64.ActiveCfg = Debug|x64
		{830C545D-36FA-4EB1-94C6-C50B60DC5F32}.Debug|x64.Build.0 = Debug|x64
		{830C545D-36FA-4EB1-94C6-C50B60DC5F32}.Debug|x86.ActiveCfg = Debug|Win32
		{830C545D-36FA-4EB1-94C6-C50B60DC5F32}.Debug|x86.Build.0 = Debug|Win32
		{830C545D-36FA-4EB1-94C6-C50B60DC5F32}.Release|x64.ActiveCfg = Release|x64
		{830C545D-36FA-4EB1-94C6-C50B60DC5F32}.Release|x64.Build.0 = Release|x64
		{830C545D-36FA-4EB1-94C6-C50B60DC5F32}.Release|x86.ActiveCfg = Release|Win32
		{830C545D-36FA-4EB1-94C6-C50B60DC5F32}.Release|x86.Build.0 = Release|Win32
		{407F80F4-1DDC-4A42-BC9D-1CE6CB38BF9C}.Debug|x64.ActiveCfg = Debug|x64
		{407F80F4-1DDC-4A42-BC9D-1CE6CB38BF9C}.Debug|x64.Build.0 = Debug|x64
		{407F80F4-1DDC-4A42-BC9D-1CE6CB38BF9C}.Debug|x86.ActiveCfg = Debug|Win32
		{407F80F4-1DDC-4A42-BC9D-1CE6CB38BF9C}.Debug|x86.Build.0 = Debug|Win32
		{407F80F4-1DDC-4A42-BC9D-1CE6CB38BF9C}.Release|x64.ActiveCfg = Release|x64
		{407F80F4-1DDC-4A42-BC9D-1CE6CB38BF9C}.Release|x64.Build.0 = Release|x64
		{407F80F4-1DDC-4A42-BC9D-1CE6CB38BF9C}.Release|x86.ActiveCfg = Release|Win32
		{407F80F4-1DDC-4A42-BC9D-1CE6CB38BF9C}.Release|x86.Build.0 = Release|Win32
		{AABF6B9F-3F8E-434F-8F2E-75B85544D05C}.Debug|x64.ActiveCfg = Debug|x64
		{AABF6B9F-3F8E-434F-8F2E-75B85544D05C}.Debug|x64.Build.0 = Debug|x64
		{AABF6B9F-3F8E-434F-8F2E-75B85544D05C}.Debug|x86.ActiveCfg = Debug|Win32
		{AABF6B9F-3F8E-434F-8F2E-75B85544D05C}.Debug|x86.Build.0 = Debug|Win32
		{AABF6B9F-3F8E-434F-8F2E-75B85544D05C}.Release|x64.ActiveCfg = Release|x64
		{AABF6B9F-3F8E-434F-8F2E-75B85544D05C}.Release|x64.Build.0 = Release|x64
		{AABF6B9F-3F8E-434F-8F2E-75B85544D05C}.Release|x86.ActiveCfg = Release|Win32
		{AABF6B9F-3F8E-434F-8F2E-75B85544D05C}.Release|x86.Build.0 = Release|Win32
		{297AA8FB-160C-4A6C-8E26-2EC8EF132C4A}.Debug|x64.ActiveCfg = Debug|x64
		{297AA8FB-160C-4A6C-8E26-2EC8EF132C4A}.Debug|x64.Build.0 = Debug|x64
		{297AA8FB-160C-4A6C-8E26-2EC8EF132C4A}.Debug|x86.ActiveCfg = Debug|Win32
		{297AA8FB-160C-4A6C-8E26-2EC8EF132C4A}.Debug|x86.Build.0 = Debug|Win32
		{297AA8FB-160C-4A6C-8E26-2EC8EF132C4A}.Release|x64.ActiveCfg = Release|x64
		{297AA8FB-160C-4A6C-8E26-2EC8EF132C4A}.Release|x64.Build.0 = Release|x64
		{297AA8FB-160C-4A6C-8E26-2EC8EF132C4A}.Release|x86.ActiveCfg = Release|Win32
		{297AA8FB-160C-4A6C-8E26-2EC8EF132C4A}.Release|x86.Build.0 = Release|Win32
		{A0AF3DC1-B7D8-4494-B74D-9737310C3DE0}.Debug|x64.ActiveCfg = Debug|x64
		{A0AF3DC1-B7D8-4494-B74D-9737310C3DE0}.Debug|x64.Build.0 = Debug|x64
		{A0AF3DC1-B7D8-4494-B74D-9737310C3DE0}.Debug|x86.ActiveCfg = Debug|Win32
		{A0AF3DC1-B7D8-4494-B74D-9737310C3DE0}.Debug|x86.Build.0 = Debug|Win32
		{A0AF3DC1-B7D8-4494-B74D-9737310C3DE0}.Release|x64.ActiveCfg = Release|x64
		{A0AF3DC1-B7D8-4494-B74D-9737310C3DE0}.Release|x64.Build.0 = Release|x64
		{A0AF3DC1-B7D8-4494-B74D-9737310C3DE0}.Release|x86.ActiveCfg = Release|Win32
		{A0AF3DC1-B7D8-4494-B74D-9737310C3DE0}.Release|x86.Build.0 = Release|Win32
		{0F4205F3-E259-40E6-AA26-1B2B5EEB0DF4}.Debug|x64.ActiveCfg = Debug|x64
		{0F4205F3-E259-40E6-AA26-1B2B5EEB0DF4}.Debug|x64.Build.0 = Debug|x64
		{0F4205F3-E259-40E6-AA26-1B2B5EEB0DF4}.Debug|x86.ActiveCfg = Debug|Win32
		{0F4205F3-E259-40E6-AA26-1B2B5EEB0DF4}.Debug|x86.Build.0 = Debug|Win32
		{0F4205F3-E259-40E6-AA26-1B2B5EEB0DF4}.Release|x64.ActiveCfg = Release|x64
		{0F4205F3-E259-40E6-AA26-1B2B5EEB0DF4}.Release|x64.Build.0 = Release|x64
		{0F4205F3-E259-40E6-AA26-1B2B5EEB0DF4}.Release|x86.ActiveCfg = Release|Win32
		{0F4205F3-E259-40E6-AA26-1B2B5EEB0DF4}.Release|x86.Build.0 = Release|Win32
		{C6E05656-720E-4FAF-B19B-FD59132535AE}.Debug|x64.ActiveCfg = Debug|x64
		{C6E05656-720E-4FAF-B19B-FD59132535AE}.Debug|x64.Build.0 = Debug|x64
		{C6E05656-720E-4FAF-B19B-FD59132535AE}.Debug|x86.ActiveCfg = Debug|Win32
		{C6E05656-720E-4FAF-B19B-FD59132535AE}.Debug|x86.Build.0 = Debug|Win32
		{C6E05656-720E-4FAF-B19B-FD59132535AE}.Release|x64.ActiveCfg = Release|x64
		{C6E05656-720E-4FAF-B19B-FD59132535AE}.Release|x64.Build.0 = Release|x64
		{C6E05656-720E-4FAF-B19B-FD59132535AE}.Release|x86.ActiveCfg = Release|Win32
		{C6E05656-720E-4FAF-B19B-FD59132535AE}.Release|x86.Build.0 = Release|Win32
	EndGlobalSection
	GlobalSection(SolutionProperties) = preSolution
		HideSolutionNode = FALSE
	EndGlobalSection
	GlobalSection(ExtensibilityGlobals) = postSolution
		SolutionGuid = {99656F4D-C4A8-4899-84F1-ECFC54D58FC5}
	EndGlobalSection
EndGlobal
